
Microsoft Visual Studio Solution File, Format Version 12.00
# Visual Studio 2012
Project("{FAE04EC0-301F-11D3-BF4B-00C04F79EFBC}") = "M13ProgressBarSharp", "M13ProgressBarSharp\M13ProgressBarSharp.csproj", "{94114A82-F123-47A4-9370-96150F174492}"
EndProject
Project("{FAE04EC0-301F-11D3-BF4B-00C04F79EFBC}") = "M13Demo", "M13Demo\M13Demo.csproj", "{314D840E-1059-47F3-B207-988E0D6AA9E0}"
EndProject
Project("{FAE04EC0-301F-11D3-BF4B-00C04F79EFBC}") = "M13Demo.UITests", "M13Demo.UITests\M13Demo.UITests.csproj", "{1062334F-48AB-458B-94E2-F00AABB8E6AA}"
EndProject
Global
	GlobalSection(SolutionConfigurationPlatforms) = preSolution
		Debug|Any CPU = Debug|Any CPU
		Release|Any CPU = Release|Any CPU
		Debug|iPhoneSimulator = Debug|iPhoneSimulator
		Release|iPhone = Release|iPhone
		Release|iPhoneSimulator = Release|iPhoneSimulator
		Debug|iPhone = Debug|iPhone
	EndGlobalSection
	GlobalSection(ProjectConfigurationPlatforms) = postSolution
		{1062334F-48AB-458B-94E2-F00AABB8E6AA}.Debug|Any CPU.ActiveCfg = Debug|Any CPU
		{1062334F-48AB-458B-94E2-F00AABB8E6AA}.Debug|Any CPU.Build.0 = Debug|Any CPU
		{1062334F-48AB-458B-94E2-F00AABB8E6AA}.Debug|iPhone.ActiveCfg = Debug|Any CPU
		{1062334F-48AB-458B-94E2-F00AABB8E6AA}.Debug|iPhone.Build.0 = Debug|Any CPU
		{1062334F-48AB-458B-94E2-F00AABB8E6AA}.Debug|iPhoneSimulator.ActiveCfg = Debug|Any CPU
		{1062334F-48AB-458B-94E2-F00AABB8E6AA}.Debug|iPhoneSimulator.Build.0 = Debug|Any CPU
		{1062334F-48AB-458B-94E2-F00AABB8E6AA}.Release|Any CPU.ActiveCfg = Release|Any CPU
		{1062334F-48AB-458B-94E2-F00AABB8E6AA}.Release|Any CPU.Build.0 = Release|Any CPU
		{1062334F-48AB-458B-94E2-F00AABB8E6AA}.Release|iPhone.ActiveCfg = Release|Any CPU
		{1062334F-48AB-458B-94E2-F00AABB8E6AA}.Release|iPhone.Build.0 = Release|Any CPU
		{1062334F-48AB-458B-94E2-F00AABB8E6AA}.Release|iPhoneSimulator.ActiveCfg = Release|Any CPU
		{1062334F-48AB-458B-94E2-F00AABB8E6AA}.Release|iPhoneSimulator.Build.0 = Release|Any CPU
		{314D840E-1059-47F3-B207-988E0D6AA9E0}.Debug|Any CPU.ActiveCfg = Debug|iPhoneSimulator
		{314D840E-1059-47F3-B207-988E0D6AA9E0}.Debug|Any CPU.Build.0 = Debug|iPhoneSimulator
		{314D840E-1059-47F3-B207-988E0D6AA9E0}.Debug|iPhone.ActiveCfg = Debug|iPhone
		{314D840E-1059-47F3-B207-988E0D6AA9E0}.Debug|iPhone.Build.0 = Debug|iPhone
		{314D840E-1059-47F3-B207-988E0D6AA9E0}.Debug|iPhoneSimulator.ActiveCfg = Debug|iPhoneSimulator
		{314D840E-1059-47F3-B207-988E0D6AA9E0}.Debug|iPhoneSimulator.Build.0 = Debug|iPhoneSimulator
		{314D840E-1059-47F3-B207-988E0D6AA9E0}.Release|Any CPU.ActiveCfg = Release|iPhone
		{314D840E-1059-47F3-B207-988E0D6AA9E0}.Release|Any CPU.Build.0 = Release|iPhone
		{314D840E-1059-47F3-B207-988E0D6AA9E0}.Release|iPhone.ActiveCfg = Release|iPhone
		{314D840E-1059-47F3-B207-988E0D6AA9E0}.Release|iPhone.Build.0 = Release|iPhone
		{314D840E-1059-47F3-B207-988E0D6AA9E0}.Release|iPhoneSimulator.ActiveCfg = Release|iPhoneSimulator
		{314D840E-1059-47F3-B207-988E0D6AA9E0}.Release|iPhoneSimulator.Build.0 = Release|iPhoneSimulator
		{94114A82-F123-47A4-9370-96150F174492}.Debug|Any CPU.ActiveCfg = Debug|Any CPU
		{94114A82-F123-47A4-9370-96150F174492}.Debug|Any CPU.Build.0 = Debug|Any CPU
		{94114A82-F123-47A4-9370-96150F174492}.Debug|iPhone.ActiveCfg = Debug|Any CPU
		{94114A82-F123-47A4-9370-96150F174492}.Debug|iPhone.Build.0 = Debug|Any CPU
		{94114A82-F123-47A4-9370-96150F174492}.Debug|iPhoneSimulator.ActiveCfg = Debug|Any CPU
		{94114A82-F123-47A4-9370-96150F174492}.Debug|iPhoneSimulator.Build.0 = Debug|Any CPU
		{94114A82-F123-47A4-9370-96150F174492}.Release|Any CPU.ActiveCfg = Release|Any CPU
		{94114A82-F123-47A4-9370-96150F174492}.Release|Any CPU.Build.0 = Release|Any CPU
		{94114A82-F123-47A4-9370-96150F174492}.Release|iPhone.ActiveCfg = Release|Any CPU
		{94114A82-F123-47A4-9370-96150F174492}.Release|iPhone.Build.0 = Release|Any CPU
		{94114A82-F123-47A4-9370-96150F174492}.Release|iPhoneSimulator.ActiveCfg = Release|Any CPU
		{94114A82-F123-47A4-9370-96150F174492}.Release|iPhoneSimulator.Build.0 = Release|Any CPU
	EndGlobalSection
EndGlobal
